// !$*UTF8*$!
{
	archiveVersion = 1;
	classes = {
	};
	objectVersion = 55;
	objects = {

/* Begin PBXBuildFile section */
		848550862941A59500410DA0 /* HumanBodyDetectionWithVisionKitApp.swift in Sources */ = {isa = PBXBuildFile; fileRef = 848550852941A59500410DA0 /* HumanBodyDetectionWithVisionKitApp.swift */; };
		848550882941A59500410DA0 /* ContentView.swift in Sources */ = {isa = PBXBuildFile; fileRef = 848550872941A59500410DA0 /* ContentView.swift */; };
		8485508A2941A59700410DA0 /* Assets.xcassets in Resources */ = {isa = PBXBuildFile; fileRef = 848550892941A59700410DA0 /* Assets.xcassets */; };
		8485508D2941A59700410DA0 /* Preview Assets.xcassets in Resources */ = {isa = PBXBuildFile; fileRef = 8485508C2941A59700410DA0 /* Preview Assets.xcassets */; };
		848550942941A5F700410DA0 /* CommonMethod.swift in Sources */ = {isa = PBXBuildFile; fileRef = 848550932941A5F700410DA0 /* CommonMethod.swift */; };
		848550962941A61B00410DA0 /* Extenxsion.swift in Sources */ = {isa = PBXBuildFile; fileRef = 848550952941A61B00410DA0 /* Extenxsion.swift */; };
		8485509B2941A69700410DA0 /* BodyDetection.swift in Sources */ = {isa = PBXBuildFile; fileRef = 8485509A2941A69700410DA0 /* BodyDetection.swift */; };
		8485509D2941A81900410DA0 /* BodyStickFigureWithShape.swift in Sources */ = {isa = PBXBuildFile; fileRef = 8485509C2941A81900410DA0 /* BodyStickFigureWithShape.swift */; };
		848550A02941A86700410DA0 /* Shapes.swift in Sources */ = {isa = PBXBuildFile; fileRef = 8485509F2941A86700410DA0 /* Shapes.swift */; };
		848550A52941A93600410DA0 /* CameraViewController.swift in Sources */ = {isa = PBXBuildFile; fileRef = 848550A22941A93600410DA0 /* CameraViewController.swift */; };
		848550A62941A93600410DA0 /* CameraView.swift in Sources */ = {isa = PBXBuildFile; fileRef = 848550A32941A93600410DA0 /* CameraView.swift */; };
		848550A72941A93600410DA0 /* CameraViewWrapper.swift in Sources */ = {isa = PBXBuildFile; fileRef = 848550A42941A93600410DA0 /* CameraViewWrapper.swift */; };
/* End PBXBuildFile section */

/* Begin PBXFileReference section */
		848550822941A59500410DA0 /* HumanBodyDetectionWithVisionKit.app */ = {isa = PBXFileReference; explicitFileType = wrapper.application; includeInIndex = 0; path = HumanBodyDetectionWithVisionKit.app; sourceTree = BUILT_PRODUCTS_DIR; };
		848550852941A59500410DA0 /* HumanBodyDetectionWithVisionKitApp.swift */ = {isa = PBXFileReference; lastKnownFileType = sourcecode.swift; path = HumanBodyDetectionWithVisionKitApp.swift; sourceTree = "<group>"; };
		848550872941A59500410DA0 /* ContentView.swift */ = {isa = PBXFileReference; lastKnownFileType = sourcecode.swift; path = ContentView.swift; sourceTree = "<group>"; };
		848550892941A59700410DA0 /* Assets.xcassets */ = {isa = PBXFileReference; lastKnownFileType = folder.assetcatalog; path = Assets.xcassets; sourceTree = "<group>"; };
		8485508C2941A59700410DA0 /* Preview Assets.xcassets */ = {isa = PBXFileReference; lastKnownFileType = folder.assetcatalog; path = "Preview Assets.xcassets"; sourceTree = "<group>"; };
		848550932941A5F700410DA0 /* CommonMethod.swift */ = {isa = PBXFileReference; lastKnownFileType = sourcecode.swift; path = CommonMethod.swift; sourceTree = "<group>"; };
		848550952941A61B00410DA0 /* Extenxsion.swift */ = {isa = PBXFileReference; lastKnownFileType = sourcecode.swift; path = Extenxsion.swift; sourceTree = "<group>"; };
		8485509A2941A69700410DA0 /* BodyDetection.swift */ = {isa = PBXFileReference; lastKnownFileType = sourcecode.swift; path = BodyDetection.swift; sourceTree = "<group>"; };
		8485509C2941A81900410DA0 /* BodyStickFigureWithShape.swift */ = {isa = PBXFileReference; lastKnownFileType = sourcecode.swift; path = BodyStickFigureWithShape.swift; sourceTree = "<group>"; };
		8485509F2941A86700410DA0 /* Shapes.swift */ = {isa = PBXFileReference; lastKnownFileType = sourcecode.swift; path = Shapes.swift; sourceTree = "<group>"; };
		848550A22941A93600410DA0 /* CameraViewController.swift */ = {isa = PBXFileReference; fileEncoding = 4; lastKnownFileType = sourcecode.swift; path = CameraViewController.swift; sourceTree = "<group>"; };
		848550A32941A93600410DA0 /* CameraView.swift */ = {isa = PBXFileReference; fileEncoding = 4; lastKnownFileType = sourcecode.swift; path = CameraView.swift; sourceTree = "<group>"; };
		848550A42941A93600410DA0 /* CameraViewWrapper.swift */ = {isa = PBXFileReference; fileEncoding = 4; lastKnownFileType = sourcecode.swift; path = CameraViewWrapper.swift; sourceTree = "<group>"; };
/* End PBXFileReference section */

/* Begin PBXFrameworksBuildPhase section */
		8485507F2941A59500410DA0 /* Frameworks */ = {
			isa = PBXFrameworksBuildPhase;
			buildActionMask = 2147483647;
			files = (
			);
			runOnlyForDeploymentPostprocessing = 0;
		};
/* End PBXFrameworksBuildPhase section */

/* Begin PBXGroup section */
		848550792941A59500410DA0 = {
			isa = PBXGroup;
			children = (
				848550842941A59500410DA0 /* HumanBodyDetectionWithVisionKit */,
				848550832941A59500410DA0 /* Products */,
			);
			sourceTree = "<group>";
		};
		848550832941A59500410DA0 /* Products */ = {
			isa = PBXGroup;
			children = (
				848550822941A59500410DA0 /* HumanBodyDetectionWithVisionKit.app */,
			);
			name = Products;
			sourceTree = "<group>";
		};
		848550842941A59500410DA0 /* HumanBodyDetectionWithVisionKit */ = {
			isa = PBXGroup;
			children = (
				848550852941A59500410DA0 /* HumanBodyDetectionWithVisionKitApp.swift */,
				848550932941A5F700410DA0 /* CommonMethod.swift */,
				848550982941A64C00410DA0 /* View */,
				848550992941A68200410DA0 /* BodyDetection */,
				848550972941A63800410DA0 /* Extension */,
				848550A12941A93600410DA0 /* ConnectCameraWithUIKit */,
				848550892941A59700410DA0 /* Assets.xcassets */,
				8485508B2941A59700410DA0 /* Preview Content */,
			);
			path = HumanBodyDetectionWithVisionKit;
			sourceTree = "<group>";
		};
		8485508B2941A59700410DA0 /* Preview Content */ = {
			isa = PBXGroup;
			children = (
				8485508C2941A59700410DA0 /* Preview Assets.xcassets */,
			);
			path = "Preview Content";
			sourceTree = "<group>";
		};
		848550972941A63800410DA0 /* Extension */ = {
			isa = PBXGroup;
			children = (
				848550952941A61B00410DA0 /* Extenxsion.swift */,
			);
			path = Extension;
			sourceTree = "<group>";
		};
		848550982941A64C00410DA0 /* View */ = {
			isa = PBXGroup;
			children = (
				8485509E2941A85900410DA0 /* Shapes */,
				848550872941A59500410DA0 /* ContentView.swift */,
				8485509C2941A81900410DA0 /* BodyStickFigureWithShape.swift */,
			);
			path = View;
			sourceTree = "<group>";
		};
		848550992941A68200410DA0 /* BodyDetection */ = {
			isa = PBXGroup;
			children = (
				8485509A2941A69700410DA0 /* BodyDetection.swift */,
			);
			path = BodyDetection;
			sourceTree = "<group>";
		};
		8485509E2941A85900410DA0 /* Shapes */ = {
			isa = PBXGroup;
			children = (
				8485509F2941A86700410DA0 /* Shapes.swift */,
			);
			path = Shapes;
			sourceTree = "<group>";
		};
		848550A12941A93600410DA0 /* ConnectCameraWithUIKit */ = {
			isa = PBXGroup;
			children = (
				848550A22941A93600410DA0 /* CameraViewController.swift */,
				848550A32941A93600410DA0 /* CameraView.swift */,
				848550A42941A93600410DA0 /* CameraViewWrapper.swift */,
			);
			path = ConnectCameraWithUIKit;
			sourceTree = "<group>";
		};
/* End PBXGroup section */

/* Begin PBXNativeTarget section */
		848550812941A59500410DA0 /* HumanBodyDetectionWithVisionKit */ = {
			isa = PBXNativeTarget;
			buildConfigurationList = 848550902941A59700410DA0 /* Build configuration list for PBXNativeTarget "HumanBodyDetectionWithVisionKit" */;
			buildPhases = (
				8485507E2941A59500410DA0 /* Sources */,
				8485507F2941A59500410DA0 /* Frameworks */,
				848550802941A59500410DA0 /* Resources */,
			);
			buildRules = (
			);
			dependencies = (
			);
			name = HumanBodyDetectionWithVisionKit;
			productName = HumanBodyDetectionWithVisionKit;
			productReference = 848550822941A59500410DA0 /* HumanBodyDetectionWithVisionKit.app */;
			productType = "com.apple.product-type.application";
		};
/* End PBXNativeTarget section */

/* Begin PBXProject section */
		8485507A2941A59500410DA0 /* Project object */ = {
			isa = PBXProject;
			attributes = {
				BuildIndependentTargetsInParallel = 1;
				LastSwiftUpdateCheck = 1340;
				LastUpgradeCheck = 1340;
				TargetAttributes = {
					848550812941A59500410DA0 = {
						CreatedOnToolsVersion = 13.4.1;
					};
				};
			};
			buildConfigurationList = 8485507D2941A59500410DA0 /* Build configuration list for PBXProject "HumanBodyDetectionWithVisionKit" */;
			compatibilityVersion = "Xcode 13.0";
			developmentRegion = en;
			hasScannedForEncodings = 0;
			knownRegions = (
				en,
				Base,
			);
			mainGroup = 848550792941A59500410DA0;
			productRefGroup = 848550832941A59500410DA0 /* Products */;
			projectDirPath = "";
			projectRoot = "";
			targets = (
				848550812941A59500410DA0 /* HumanBodyDetectionWithVisionKit */,
			);
		};
/* End PBXProject section */

/* Begin PBXResourcesBuildPhase section */
		848550802941A59500410DA0 /* Resources */ = {
			isa = PBXResourcesBuildPhase;
			buildActionMask = 2147483647;
			files = (
				8485508D2941A59700410DA0 /* Preview Assets.xcassets in Resources */,
				8485508A2941A59700410DA0 /* Assets.xcassets in Resources */,
			);
			runOnlyForDeploymentPostprocessing = 0;
		};
/* End PBXResourcesBuildPhase section */

/* Begin PBXSourcesBuildPhase section */
		8485507E2941A59500410DA0 /* Sources */ = {
			isa = PBXSourcesBuildPhase;
			buildActionMask = 2147483647;
			files = (
				848550A02941A86700410DA0 /* Shapes.swift in Sources */,
				8485509D2941A81900410DA0 /* BodyStickFigureWithShape.swift in Sources */,
				848550962941A61B00410DA0 /* Extenxsion.swift in Sources */,
				848550A62941A93600410DA0 /* CameraView.swift in Sources */,
				8485509B2941A69700410DA0 /* BodyDetection.swift in Sources */,
				848550942941A5F700410DA0 /* CommonMethod.swift in Sources */,
				848550A52941A93600410DA0 /* CameraViewController.swift in Sources */,
				848550A72941A93600410DA0 /* CameraViewWrapper.swift in Sources */,
				848550882941A59500410DA0 /* ContentView.swift in Sources */,
				848550862941A59500410DA0 /* HumanBodyDetectionWithVisionKitApp.swift in Sources */,
			);
			runOnlyForDeploymentPostprocessing = 0;
		};
/* End PBXSourcesBuildPhase section */

/* Begin XCBuildConfiguration section */
		8485508E2941A59700410DA0 /* Debug */ = {
			isa = XCBuildConfiguration;
			buildSettings = {
				ALWAYS_SEARCH_USER_PATHS = NO;
				CLANG_ANALYZER_NONNULL = YES;
				CLANG_ANALYZER_NUMBER_OBJECT_CONVERSION = YES_AGGRESSIVE;
				CLANG_CXX_LANGUAGE_STANDARD = "gnu++17";
				CLANG_ENABLE_MODULES = YES;
				CLANG_ENABLE_OBJC_ARC = YES;
				CLANG_ENABLE_OBJC_WEAK = YES;
				CLANG_WARN_BLOCK_CAPTURE_AUTORELEASING = YES;
				CLANG_WARN_BOOL_CONVERSION = YES;
				CLANG_WARN_COMMA = YES;
				CLANG_WARN_CONSTANT_CONVERSION = YES;
				CLANG_WARN_DEPRECATED_OBJC_IMPLEMENTATIONS = YES;
				CLANG_WARN_DIRECT_OBJC_ISA_USAGE = YES_ERROR;
				CLANG_WARN_DOCUMENTATION_COMMENTS = YES;
				CLANG_WARN_EMPTY_BODY = YES;
				CLANG_WARN_ENUM_CONVERSION = YES;
				CLANG_WARN_INFINITE_RECURSION = YES;
				CLANG_WARN_INT_CONVERSION = YES;
				CLANG_WARN_NON_LITERAL_NULL_CONVERSION = YES;
				CLANG_WARN_OBJC_IMPLICIT_RETAIN_SELF = YES;
				CLANG_WARN_OBJC_LITERAL_CONVERSION = YES;
				CLANG_WARN_OBJC_ROOT_CLASS = YES_ERROR;
				CLANG_WARN_QUOTED_INCLUDE_IN_FRAMEWORK_HEADER = YES;
				CLANG_WARN_RANGE_LOOP_ANALYSIS = YES;
				CLANG_WARN_STRICT_PROTOTYPES = YES;
				CLANG_WARN_SUSPICIOUS_MOVE = YES;
				CLANG_WARN_UNGUARDED_AVAILABILITY = YES_AGGRESSIVE;
				CLANG_WARN_UNREACHABLE_CODE = YES;
				CLANG_WARN__DUPLICATE_METHOD_MATCH = YES;
				COPY_PHASE_STRIP = NO;
				DEBUG_INFORMATION_FORMAT = dwarf;
				ENABLE_STRICT_OBJC_MSGSEND = YES;
				ENABLE_TESTABILITY = YES;
				GCC_C_LANGUAGE_STANDARD = gnu11;
				GCC_DYNAMIC_NO_PIC = NO;
				GCC_NO_COMMON_BLOCKS = YES;
				GCC_OPTIMIZATION_LEVEL = 0;
				GCC_PREPROCESSOR_DEFINITIONS = (
					"DEBUG=1",
					"$(inherited)",
				);
				GCC_WARN_64_TO_32_BIT_CONVERSION = YES;
				GCC_WARN_ABOUT_RETURN_TYPE = YES_ERROR;
				GCC_WARN_UNDECLARED_SELECTOR = YES;
				GCC_WARN_UNINITIALIZED_AUTOS = YES_AGGRESSIVE;
				GCC_WARN_UNUSED_FUNCTION = YES;
				GCC_WARN_UNUSED_VARIABLE = YES;
				IPHONEOS_DEPLOYMENT_TARGET = 15.5;
				MTL_ENABLE_DEBUG_INFO = INCLUDE_SOURCE;
				MTL_FAST_MATH = YES;
				ONLY_ACTIVE_ARCH = YES;
				SDKROOT = iphoneos;
				SWIFT_ACTIVE_COMPILATION_CONDITIONS = DEBUG;
				SWIFT_OPTIMIZATION_LEVEL = "-Onone";
			};
			name = Debug;
		};
		8485508F2941A59700410DA0 /* Release */ = {
			isa = XCBuildConfiguration;
			buildSettings = {
				ALWAYS_SEARCH_USER_PATHS = NO;
				CLANG_ANALYZER_NONNULL = YES;
				CLANG_ANALYZER_NUMBER_OBJECT_CONVERSION = YES_AGGRESSIVE;
				CLANG_CXX_LANGUAGE_STANDARD = "gnu++17";
				CLANG_ENABLE_MODULES = YES;
				CLANG_ENABLE_OBJC_ARC = YES;
				CLANG_ENABLE_OBJC_WEAK = YES;
				CLANG_WARN_BLOCK_CAPTURE_AUTORELEASING = YES;
				CLANG_WARN_BOOL_CONVERSION = YES;
				CLANG_WARN_COMMA = YES;
				CLANG_WARN_CONSTANT_CONVERSION = YES;
				CLANG_WARN_DEPRECATED_OBJC_IMPLEMENTATIONS = YES;
				CLANG_WARN_DIRECT_OBJC_ISA_USAGE = YES_ERROR;
				CLANG_WARN_DOCUMENTATION_COMMENTS = YES;
				CLANG_WARN_EMPTY_BODY = YES;
				CLANG_WARN_ENUM_CONVERSION = YES;
				CLANG_WARN_INFINITE_RECURSION = YES;
				CLANG_WARN_INT_CONVERSION = YES;
				CLANG_WARN_NON_LITERAL_NULL_CONVERSION = YES;
				CLANG_WARN_OBJC_IMPLICIT_RETAIN_SELF = YES;
				CLANG_WARN_OBJC_LITERAL_CONVERSION = YES;
				CLANG_WARN_OBJC_ROOT_CLASS = YES_ERROR;
				CLANG_WARN_QUOTED_INCLUDE_IN_FRAMEWORK_HEADER = YES;
				CLANG_WARN_RANGE_LOOP_ANALYSIS = YES;
				CLANG_WARN_STRICT_PROTOTYPES = YES;
				CLANG_WARN_SUSPICIOUS_MOVE = YES;
				CLANG_WARN_UNGUARDED_AVAILABILITY = YES_AGGRESSIVE;
				CLANG_WARN_UNREACHABLE_CODE = YES;
				CLANG_WARN__DUPLICATE_METHOD_MATCH = YES;
				COPY_PHASE_STRIP = NO;
				DEBUG_INFORMATION_FORMAT = "dwarf-with-dsym";
				ENABLE_NS_ASSERTIONS = NO;
				ENABLE_STRICT_OBJC_MSGSEND = YES;
				GCC_C_LANGUAGE_STANDARD = gnu11;
				GCC_NO_COMMON_BLOCKS = YES;
				GCC_WARN_64_TO_32_BIT_CONVERSION = YES;
				GCC_WARN_ABOUT_RETURN_TYPE = YES_ERROR;
				GCC_WARN_UNDECLARED_SELECTOR = YES;
				GCC_WARN_UNINITIALIZED_AUTOS = YES_AGGRESSIVE;
				GCC_WARN_UNUSED_FUNCTION = YES;
				GCC_WARN_UNUSED_VARIABLE = YES;
				IPHONEOS_DEPLOYMENT_TARGET = 15.5;
				MTL_ENABLE_DEBUG_INFO = NO;
				MTL_FAST_MATH = YES;
				SDKROOT = iphoneos;
				SWIFT_COMPILATION_MODE = wholemodule;
				SWIFT_OPTIMIZATION_LEVEL = "-O";
				VALIDATE_PRODUCT = YES;
			};
			name = Release;
		};
		848550912941A59700410DA0 /* Debug */ = {
			isa = XCBuildConfiguration;
			buildSettings = {
				ASSETCATALOG_COMPILER_APPICON_NAME = AppIcon;
				ASSETCATALOG_COMPILER_GLOBAL_ACCENT_COLOR_NAME = AccentColor;
				CODE_SIGN_IDENTITY = "Apple Development";
				CODE_SIGN_STYLE = Automatic;
				CURRENT_PROJECT_VERSION = 1;
				DEVELOPMENT_ASSET_PATHS = "\"HumanBodyDetectionWithVisionKit/Preview Content\"";
				DEVELOPMENT_TEAM = "";
				ENABLE_PREVIEWS = YES;
				GENERATE_INFOPLIST_FILE = YES;
				INFOPLIST_KEY_NSCameraUsageDescription = "Camera need ";
				INFOPLIST_KEY_UIApplicationSceneManifest_Generation = YES;
				INFOPLIST_KEY_UIApplicationSupportsIndirectInputEvents = YES;
				INFOPLIST_KEY_UILaunchScreen_Generation = YES;
				INFOPLIST_KEY_UISupportedInterfaceOrientations_iPad = "UIInterfaceOrientationPortrait UIInterfaceOrientationPortraitUpsideDown UIInterfaceOrientationLandscapeLeft UIInterfaceOrientationLandscapeRight";
				INFOPLIST_KEY_UISupportedInterfaceOrientations_iPhone = "UIInterfaceOrientationPortrait UIInterfaceOrientationLandscapeLeft UIInterfaceOrientationLandscapeRight";
				LD_RUNPATH_SEARCH_PATHS = (
					"$(inherited)",
					"@executable_path/Frameworks",
				);
				MARKETING_VERSION = 1.0;
				PRODUCT_BUNDLE_IDENTIFIER = app.demo.HumanBodyDetectionWithVisionKit;
				PRODUCT_NAME = "$(TARGET_NAME)";
				PROVISIONING_PROFILE_SPECIFIER = "";
				SWIFT_EMIT_LOC_STRINGS = YES;
				SWIFT_VERSION = 5.0;
				TARGETED_DEVICE_FAMILY = "1,2";
			};
			name = Debug;
		};
		848550922941A59700410DA0 /* Release */ = {
			isa = XCBuildConfiguration;
			buildSettings = {
				ASSETCATALOG_COMPILER_APPICON_NAME = AppIcon;
				ASSETCATALOG_COMPILER_GLOBAL_ACCENT_COLOR_NAME = AccentColor;
				CODE_SIGN_IDENTITY = "Apple Development";
				CODE_SIGN_STYLE = Automatic;
				CURRENT_PROJECT_VERSION = 1;
				DEVELOPMENT_ASSET_PATHS = "\"HumanBodyDetectionWithVisionKit/Preview Content\"";
				DEVELOPMENT_TEAM = "";
				ENABLE_PREVIEWS = YES;
				GENERATE_INFOPLIST_FILE = YES;
				INFOPLIST_KEY_NSCameraUsageDescription = "Camera need ";
				INFOPLIST_KEY_UIApplicationSceneManifest_Generation = YES;
				INFOPLIST_KEY_UIApplicationSupportsIndirectInputEvents = YES;
				INFOPLIST_KEY_UILaunchScreen_Generation = YES;
				INFOPLIST_KEY_UISupportedInterfaceOrientations_iPad = "UIInterfaceOrientationPortrait UIInterfaceOrientationPortraitUpsideDown UIInterfaceOrientationLandscapeLeft UIInterfaceOrientationLandscapeRight";
				INFOPLIST_KEY_UISupportedInterfaceOrientations_iPhone = "UIInterfaceOrientationPortrait UIInterfaceOrientationLandscapeLeft UIInterfaceOrientationLandscapeRight";
				LD_RUNPATH_SEARCH_PATHS = (
					"$(inherited)",
					"@executable_path/Frameworks",
				);
				MARKETING_VERSION = 1.0;
				PRODUCT_BUNDLE_IDENTIFIER = app.demo.HumanBodyDetectionWithVisionKit;
				PRODUCT_NAME = "$(TARGET_NAME)";
				PROVISIONING_PROFILE_SPECIFIER = "";
				SWIFT_EMIT_LOC_STRINGS = YES;
				SWIFT_VERSION = 5.0;
				TARGETED_DEVICE_FAMILY = "1,2";
			};
			name = Release;
		};
/* End XCBuildConfiguration section */

/* Begin XCConfigurationList section */
		8485507D2941A59500410DA0 /* Build configuration list for PBXProject "HumanBodyDetectionWithVisionKit" */ = {
			isa = XCConfigurationList;
			buildConfigurations = (
				8485508E2941A59700410DA0 /* Debug */,
				8485508F2941A59700410DA0 /* Release */,
			);
			defaultConfigurationIsVisible = 0;
			defaultConfigurationName = Release;
		};
		848550902941A59700410DA0 /* Build configuration list for PBXNativeTarget "HumanBodyDetectionWithVisionKit" */ = {
			isa = XCConfigurationList;
			buildConfigurations = (
				848550912941A59700410DA0 /* Debug */,
				848550922941A59700410DA0 /* Release */,
			);
			defaultConfigurationIsVisible = 0;
			defaultConfigurationName = Release;
		};
/* End XCConfigurationList section */
	};
	rootObject = 8485507A2941A59500410DA0 /* Project object */;
}
